// !$*UTF8*$!
{
	archiveVersion = 1;
	classes = {
	};
	objectVersion = 56;
	objects = {

/* Begin PBXGroup section */
		ROOT_GROUP = {
			isa = PBXGroup;
			children = (
				APP_GROUP,
			);
			sourceTree = "<group>";
		};
		APP_GROUP = {
			isa = PBXGroup;
			children = (
			);
			path = Teleport;
			sourceTree = "<group>";
		};
/* End PBXGroup section */

	};
	rootObject = ROOT_PROJECT;
}
